
Microsoft Visual Studio Solution File, Format Version 12.00
# Visual Studio 15
VisualStudioVersion = 15.0.27130.2027
MinimumVisualStudioVersion = 10.0.40219.1
Project("{FAE04EC0-301F-11D3-BF4B-00C04F79EFBC}") = "NunitFrameworkPageObjects", "NunitFrameworkPageObjects\NunitFrameworkPageObjects.csproj", "{2E786D23-41DE-4EDA-8C32-F5E731F442E2}"
EndProject
Project("{FAE04EC0-301F-11D3-BF4B-00C04F79EFBC}") = "NunitFrameworkTests", "NunitFrameworkTests\NunitFrameworkTests.csproj", "{090FC458-E343-4A6A-A49B-A9EE4670248D}"
EndProject
Global
	GlobalSection(SolutionConfigurationPlatforms) = preSolution
		Debug|Any CPU = Debug|Any CPU
		Release|Any CPU = Release|Any CPU
	EndGlobalSection
	GlobalSection(ProjectConfigurationPlatforms) = postSolution
		{2E786D23-41DE-4EDA-8C32-F5E731F442E2}.Debug|Any CPU.ActiveCfg = Debug|Any CPU
		{2E786D23-41DE-4EDA-8C32-F5E731F442E2}.Debug|Any CPU.Build.0 = Debug|Any CPU
		{2E786D23-41DE-4EDA-8C32-F5E731F442E2}.Release|Any CPU.ActiveCfg = Release|Any CPU
		{2E786D23-41DE-4EDA-8C32-F5E731F442E2}.Release|Any CPU.Build.0 = Release|Any CPU
		{090FC458-E343-4A6A-A49B-A9EE4670248D}.Debug|Any CPU.ActiveCfg = Debug|Any CPU
		{090FC458-E343-4A6A-A49B-A9EE4670248D}.Debug|Any CPU.Build.0 = Debug|Any CPU
		{090FC458-E343-4A6A-A49B-A9EE4670248D}.Release|Any CPU.ActiveCfg = Release|Any CPU
		{090FC458-E343-4A6A-A49B-A9EE4670248D}.Release|Any CPU.Build.0 = Release|Any CPU
	EndGlobalSection
	GlobalSection(SolutionProperties) = preSolution
		HideSolutionNode = FALSE
	EndGlobalSection
	GlobalSection(ExtensibilityGlobals) = postSolution
		SolutionGuid = {C050047D-4B6F-4932-B8F1-3CEEC1C9F1FC}
	EndGlobalSection
EndGlobal
